
Microsoft Visual Studio Solution File, Format Version 12.00
# Visual Studio Version 16
VisualStudioVersion = 16.0.32602.291
MinimumVisualStudioVersion = 10.0.40219.1
Project("{FAE04EC0-301F-11D3-BF4B-00C04F79EFBC}") = "AirLineTicketsApp", "AirLineTicketsApp\AirLineTicketsApp.csproj", "{D2C33938-33F8-44DD-B7F9-E46331C40360}"
EndProject
Global
	GlobalSection(SolutionConfigurationPlatforms) = preSolution
		Debug|Any CPU = Debug|Any CPU
		Release|Any CPU = Release|Any CPU
	EndGlobalSection
	GlobalSection(ProjectConfigurationPlatforms) = postSolution
		{D2C33938-33F8-44DD-B7F9-E46331C40360}.Debug|Any CPU.ActiveCfg = Debug|Any CPU
		{D2C33938-33F8-44DD-B7F9-E46331C40360}.Debug|Any CPU.Build.0 = Debug|Any CPU
		{D2C33938-33F8-44DD-B7F9-E46331C40360}.Release|Any CPU.ActiveCfg = Release|Any CPU
		{D2C33938-33F8-44DD-B7F9-E46331C40360}.Release|Any CPU.Build.0 = Release|Any CPU
	EndGlobalSection
	GlobalSection(SolutionProperties) = preSolution
		HideSolutionNode = FALSE
	EndGlobalSection
	GlobalSection(ExtensibilityGlobals) = postSolution
		SolutionGuid = {F4F52A6C-C02D-4135-8916-7CCBBFC2E53D}
	EndGlobalSection
EndGlobal
